<?xml version="1.0" encoding="utf-8"?>
<Project ToolsVersion="4.0" xmlns="http://schemas.microsoft.com/developer/msbuild/2003">
  <ItemGroup>
    <Filter Include="SQLite">
      <UniqueIdentifier>{b3697394-b05d-4571-a0fd-728499f4cea9}</UniqueIdentifier>
    </Filter>
    <Filter Include="Builders">
      <UniqueIdentifier>{64564fcd-182f-4789-a5b4-de66734b8667}</UniqueIdentifier>
    </Filter>
    <Filter Include="Loggers">
      <UniqueIdentifier>{37a6b634-d09b-460d-aa59-861b974ac505}</UniqueIdentifier>
    </Filter>
  </ItemGroup>
  <ItemGroup>
    <ClCompile Include="SQLite\Backup.cpp">
      <Filter>SQLite</Filter>
    </ClCompile>
    <ClCompile Include="SQLite\Column.cpp">
      <Filter>SQLite</Filter>
    </ClCompile>
    <ClCompile Include="SQLite\Database.cpp">
      <Filter>SQLite</Filter>
    </ClCompile>
    <ClCompile Include="SQLite\Exception.cpp">
      <Filter>SQLite</Filter>
    </ClCompile>
    <ClCompile Include="SQLite\Statement.cpp">
      <Filter>SQLite</Filter>
    </ClCompile>
    <ClCompile Include="SQLite\Transaction.cpp">
      <Filter>SQLite</Filter>
    </ClCompile>
    <ClCompile Include="SQLite\sqlite3.c">
      <Filter>SQLite</Filter>
    </ClCompile>
    <ClCompile Include="DB.h" />
    <ClCompile Include="Main.cpp" />
    <ClCompile Include="SearchListener.cpp" />
  </ItemGroup>
  <ItemGroup>
    <None Include="packages.config" />
  </ItemGroup>
  <ItemGroup>
    <ClInclude Include="Logger.h">
      <Filter>Loggers</Filter>
    </ClInclude>
    <ClInclude Include="ConsoleLogger.h">
      <Filter>Loggers</Filter>
    </ClInclude>
    <ClInclude Include="DatabaseLogger.h">
      <Filter>Loggers</Filter>
    </ClInclude>
    <ClInclude Include="FieldBuilder.h">
      <Filter>Builders</Filter>
    </ClInclude>
    <ClInclude Include="FilterBuilder.h">
      <Filter>Builders</Filter>
    </ClInclude>
    <ClInclude Include="Builder.h">
      <Filter>Builders</Filter>
    </ClInclude>
    <ClInclude Include="SearchListener.h" />
    <ClInclude Include="Utils.h" />
  </ItemGroup>
</Project>